
Microsoft Visual Studio Solution File, Format Version 12.00
# Visual Studio Version 17
VisualStudioVersion = 17.8.34330.188
MinimumVisualStudioVersion = 10.0.40219.1
Project("{9A19103F-16F7-4668-BE54-9A1E7A4F7556}") = "Minx.ZMesh", "Minx.ZMesh\Minx.ZMesh.csproj", "{41E0F05C-4865-44BD-B99F-9A329D9BF5F2}"
EndProject
Project("{FAE04EC0-301F-11D3-BF4B-00C04F79EFBC}") = "Minx.ZMesh.Probe", "Minx.ZMesh.Probe\Minx.ZMesh.Probe.csproj", "{F013A29B-94C1-4ED0-A7D7-611077C9630D}"
EndProject
Project("{8BC9CEB8-8B4A-11D0-8D11-00A0C91BC942}") = "Minx.ZMesh.Cpp", "Minx.ZMesh.Cpp\Minx.ZMesh.Cpp.vcxproj", "{F5B176F4-7088-4F8F-AC5B-7A72A9F8D97F}"
EndProject
Global
        GlobalSection(SolutionConfigurationPlatforms) = preSolution
                Debug|Any CPU = Debug|Any CPU
                Debug|x64 = Debug|x64
                Release|Any CPU = Release|Any CPU
                Release|x64 = Release|x64
        EndGlobalSection
        GlobalSection(ProjectConfigurationPlatforms) = postSolution
                {41E0F05C-4865-44BD-B99F-9A329D9BF5F2}.Debug|Any CPU.ActiveCfg = Debug|Any CPU
                {41E0F05C-4865-44BD-B99F-9A329D9BF5F2}.Debug|Any CPU.Build.0 = Debug|Any CPU
                {41E0F05C-4865-44BD-B99F-9A329D9BF5F2}.Debug|x64.ActiveCfg = Debug|Any CPU
                {41E0F05C-4865-44BD-B99F-9A329D9BF5F2}.Debug|x64.Build.0 = Debug|Any CPU
                {41E0F05C-4865-44BD-B99F-9A329D9BF5F2}.Release|Any CPU.ActiveCfg = Release|Any CPU
                {41E0F05C-4865-44BD-B99F-9A329D9BF5F2}.Release|Any CPU.Build.0 = Release|Any CPU
                {41E0F05C-4865-44BD-B99F-9A329D9BF5F2}.Release|x64.ActiveCfg = Release|Any CPU
                {41E0F05C-4865-44BD-B99F-9A329D9BF5F2}.Release|x64.Build.0 = Release|Any CPU
                {F013A29B-94C1-4ED0-A7D7-611077C9630D}.Debug|Any CPU.ActiveCfg = Debug|Any CPU
                {F013A29B-94C1-4ED0-A7D7-611077C9630D}.Debug|Any CPU.Build.0 = Debug|Any CPU
                {F013A29B-94C1-4ED0-A7D7-611077C9630D}.Debug|x64.ActiveCfg = Debug|Any CPU
                {F013A29B-94C1-4ED0-A7D7-611077C9630D}.Debug|x64.Build.0 = Debug|Any CPU
                {F013A29B-94C1-4ED0-A7D7-611077C9630D}.Release|Any CPU.ActiveCfg = Release|Any CPU
                {F013A29B-94C1-4ED0-A7D7-611077C9630D}.Release|Any CPU.Build.0 = Release|Any CPU
                {F013A29B-94C1-4ED0-A7D7-611077C9630D}.Release|x64.ActiveCfg = Release|Any CPU
                {F013A29B-94C1-4ED0-A7D7-611077C9630D}.Release|x64.Build.0 = Release|Any CPU
                {F5B176F4-7088-4F8F-AC5B-7A72A9F8D97F}.Debug|Any CPU.ActiveCfg = Debug|x64
                {F5B176F4-7088-4F8F-AC5B-7A72A9F8D97F}.Debug|Any CPU.Build.0 = Debug|x64
                {F5B176F4-7088-4F8F-AC5B-7A72A9F8D97F}.Debug|x64.ActiveCfg = Debug|x64
                {F5B176F4-7088-4F8F-AC5B-7A72A9F8D97F}.Debug|x64.Build.0 = Debug|x64
                {F5B176F4-7088-4F8F-AC5B-7A72A9F8D97F}.Release|Any CPU.ActiveCfg = Release|x64
                {F5B176F4-7088-4F8F-AC5B-7A72A9F8D97F}.Release|Any CPU.Build.0 = Release|x64
                {F5B176F4-7088-4F8F-AC5B-7A72A9F8D97F}.Release|x64.ActiveCfg = Release|x64
                {F5B176F4-7088-4F8F-AC5B-7A72A9F8D97F}.Release|x64.Build.0 = Release|x64
        EndGlobalSection
	GlobalSection(SolutionProperties) = preSolution
		HideSolutionNode = FALSE
	EndGlobalSection
	GlobalSection(ExtensibilityGlobals) = postSolution
		SolutionGuid = {C153C2A2-1ECD-4B58-AFDB-EE8E69AAD586}
	EndGlobalSection
EndGlobal
