<?xml version="1.0" encoding="utf-8"?>
<Project ToolsVersion="4.0" xmlns="http://schemas.microsoft.com/developer/msbuild/2003">
  <ItemGroup>
    <Filter Include="Header Files">
      <UniqueIdentifier>{2D6E0FE9-0C68-4E64-9653-6520A58289A2}</UniqueIdentifier>
    </Filter>
    <Filter Include="Source Files">
      <UniqueIdentifier>{F3946F44-F47C-4A8C-9D33-099035A319F9}</UniqueIdentifier>
    </Filter>
  </ItemGroup>
  <ItemGroup>
    <ClInclude Include="include\Minx\ZMesh\AbstractMessageBox.h">
      <Filter>Header Files</Filter>
    </ClInclude>
    <ClInclude Include="include\Minx\ZMesh\MessageResponse.h">
      <Filter>Header Files</Filter>
    </ClInclude>
    <ClInclude Include="include\Minx\ZMesh\IAbstractMessageBox.h">
      <Filter>Header Files</Filter>
    </ClInclude>
    <ClInclude Include="include\Minx\ZMesh\MessageReceivedEventArgs.h">
      <Filter>Header Files</Filter>
    </ClInclude>
    <ClInclude Include="include\Minx\ZMesh\PendingQuestion.h">
      <Filter>Header Files</Filter>
    </ClInclude>
    <ClInclude Include="include\Minx\ZMesh\ZMesh.h">
      <Filter>Header Files</Filter>
    </ClInclude>
  </ItemGroup>
  <ItemGroup>
    <ClCompile Include="src\AbstractMessageBox.cpp">
      <Filter>Source Files</Filter>
    </ClCompile>
    <ClCompile Include="src\MessageResponse.cpp">
      <Filter>Source Files</Filter>
    </ClCompile>
    <ClCompile Include="src\MessageReceivedEventArgs.cpp">
      <Filter>Source Files</Filter>
    </ClCompile>
    <ClCompile Include="src\PendingQuestion.cpp">
      <Filter>Source Files</Filter>
    </ClCompile>
    <ClCompile Include="src\ZMesh.cpp">
      <Filter>Source Files</Filter>
    </ClCompile>
  </ItemGroup>
</Project>
