<?xml version="1.0" encoding="utf-8"?>
<Project ToolsVersion="4.0" xmlns="http://schemas.microsoft.com/developer/msbuild/2003">
  <ItemGroup>
    <Filter Include="Header Files">
      <UniqueIdentifier>{E16768EA-437C-4E07-8B6D-3E74A11E1D2D}</UniqueIdentifier>
    </Filter>
    <Filter Include="Source Files">
      <UniqueIdentifier>{7BC4BCE0-95A6-4110-AC2C-5B7566CEA7A9}</UniqueIdentifier>
    </Filter>
  </ItemGroup>
  <ItemGroup>
    <ClInclude Include="include\minx\zmesh\abstract_message_box.hpp">
      <Filter>Header Files</Filter>
    </ClInclude>
    <ClInclude Include="include\minx\zmesh\iabstract_message_box.hpp">
      <Filter>Header Files</Filter>
    </ClInclude>
    <ClInclude Include="include\minx\zmesh\pending_question.hpp">
      <Filter>Header Files</Filter>
    </ClInclude>
    <ClInclude Include="include\minx\zmesh\thread_safe_queue.hpp">
      <Filter>Header Files</Filter>
    </ClInclude>
    <ClInclude Include="include\minx\zmesh\types.hpp">
      <Filter>Header Files</Filter>
    </ClInclude>
    <ClInclude Include="include\minx\zmesh\zmesh.hpp">
      <Filter>Header Files</Filter>
    </ClInclude>
  </ItemGroup>
  <ItemGroup>
    <ClCompile Include="src\abstract_message_box.cpp">
      <Filter>Source Files</Filter>
    </ClCompile>
    <ClCompile Include="src\zmesh.cpp">
      <Filter>Source Files</Filter>
    </ClCompile>
  </ItemGroup>
</Project>
